
Microsoft Visual Studio Solution File, Format Version 12.00
# Visual Studio Version 16
VisualStudioVersion = 16.0.30907.101
MinimumVisualStudioVersion = 10.0.40219.1
Project("{9A19103F-16F7-4668-BE54-9A1E7A4F7556}") = "WebApi", "WebApi\WebApi.csproj", "{71FC86C3-81DE-4A00-8B1B-661798980D85}"
EndProject
Project("{9A19103F-16F7-4668-BE54-9A1E7A4F7556}") = "Core", "Core\Core.csproj", "{403FF6CC-A678-414F-B430-5C368BB2053B}"
EndProject
Project("{FAE04EC0-301F-11D3-BF4B-00C04F79EFBC}") = "DataStore.EF", "DataStore.EF\DataStore.EF.csproj", "{DE63A353-1D5E-47D2-BCB5-A73A51CDCFD7}"
EndProject
Global
	GlobalSection(SolutionConfigurationPlatforms) = preSolution
		Debug|Any CPU = Debug|Any CPU
		Release|Any CPU = Release|Any CPU
	EndGlobalSection
	GlobalSection(ProjectConfigurationPlatforms) = postSolution
		{71FC86C3-81DE-4A00-8B1B-661798980D85}.Debug|Any CPU.ActiveCfg = Debug|Any CPU
		{71FC86C3-81DE-4A00-8B1B-661798980D85}.Debug|Any CPU.Build.0 = Debug|Any CPU
		{71FC86C3-81DE-4A00-8B1B-661798980D85}.Release|Any CPU.ActiveCfg = Release|Any CPU
		{71FC86C3-81DE-4A00-8B1B-661798980D85}.Release|Any CPU.Build.0 = Release|Any CPU
		{403FF6CC-A678-414F-B430-5C368BB2053B}.Debug|Any CPU.ActiveCfg = Debug|Any CPU
		{403FF6CC-A678-414F-B430-5C368BB2053B}.Debug|Any CPU.Build.0 = Debug|Any CPU
		{403FF6CC-A678-414F-B430-5C368BB2053B}.Release|Any CPU.ActiveCfg = Release|Any CPU
		{403FF6CC-A678-414F-B430-5C368BB2053B}.Release|Any CPU.Build.0 = Release|Any CPU
		{DE63A353-1D5E-47D2-BCB5-A73A51CDCFD7}.Debug|Any CPU.ActiveCfg = Debug|Any CPU
		{DE63A353-1D5E-47D2-BCB5-A73A51CDCFD7}.Debug|Any CPU.Build.0 = Debug|Any CPU
		{DE63A353-1D5E-47D2-BCB5-A73A51CDCFD7}.Release|Any CPU.ActiveCfg = Release|Any CPU
		{DE63A353-1D5E-47D2-BCB5-A73A51CDCFD7}.Release|Any CPU.Build.0 = Release|Any CPU
	EndGlobalSection
	GlobalSection(SolutionProperties) = preSolution
		HideSolutionNode = FALSE
	EndGlobalSection
	GlobalSection(ExtensibilityGlobals) = postSolution
		SolutionGuid = {1C695889-3780-4870-9414-47AD18F65E8E}
	EndGlobalSection
EndGlobal
